// !$*UTF8*$!
{
	archiveVersion = 1;
	classes = {
	};
	objectVersion = 46;
	objects = {

/* Begin PBXBuildFile section */
		F41DC910209CD12E003393CC /* NetworkUtility.m in Sources */ = {isa = PBXBuildFile; fileRef = F41DC90F209CD12E003393CC /* NetworkUtility.m */; };
		F441A0EC20977C6200DEB97D /* main.m in Sources */ = {isa = PBXBuildFile; fileRef = F441A0EB20977C6200DEB97D /* main.m */; };
		F441A0EF20977C6200DEB97D /* AppDelegate.m in Sources */ = {isa = PBXBuildFile; fileRef = F441A0EE20977C6200DEB97D /* AppDelegate.m */; };
		F441A0F220977C6200DEB97D /* ViewController.m in Sources */ = {isa = PBXBuildFile; fileRef = F441A0F120977C6200DEB97D /* ViewController.m */; };
		F441A0F520977C6200DEB97D /* Main.storyboard in Resources */ = {isa = PBXBuildFile; fileRef = F441A0F320977C6200DEB97D /* Main.storyboard */; };
		F441A0F720977C6200DEB97D /* Assets.xcassets in Resources */ = {isa = PBXBuildFile; fileRef = F441A0F620977C6200DEB97D /* Assets.xcassets */; };
		F441A0FA20977C6200DEB97D /* LaunchScreen.storyboard in Resources */ = {isa = PBXBuildFile; fileRef = F441A0F820977C6200DEB97D /* LaunchScreen.storyboard */; };
		F441A10320977F1B00DEB97D /* CustomTableViewCell.m in Sources */ = {isa = PBXBuildFile; fileRef = F441A10220977F1B00DEB97D /* CustomTableViewCell.m */; };
		F441A10520977FAC00DEB97D /* Podfile in Resources */ = {isa = PBXBuildFile; fileRef = F441A10420977FAC00DEB97D /* Podfile */; };
		F4787F9020978B9D00F60FB4 /* Masonry.framework in Frameworks */ = {isa = PBXBuildFile; fileRef = F4787F8E20978B9D00F60FB4 /* Masonry.framework */; };
		F4787F9120978B9E00F60FB4 /* SDWebImage.framework in Frameworks */ = {isa = PBXBuildFile; fileRef = F4787F8F20978B9D00F60FB4 /* SDWebImage.framework */; };
		F4787F93209796C100F60FB4 /* placeholder.png in Resources */ = {isa = PBXBuildFile; fileRef = F4787F92209796C100F60FB4 /* placeholder.png */; };
		F4787F972097B32200F60FB4 /* CustomTableViewCell.xib in Resources */ = {isa = PBXBuildFile; fileRef = F4787F962097B32200F60FB4 /* CustomTableViewCell.xib */; };
		FC7312225E03C58A5888CE50 /* Pods_iOSTest.framework in Frameworks */ = {isa = PBXBuildFile; fileRef = DBDE718A3CFE84DC7F530CB0 /* Pods_iOSTest.framework */; };
/* End PBXBuildFile section */

/* Begin PBXFileReference section */
		D9196F20850EB248BB6EA87C /* Pods-iOSTest.debug.xcconfig */ = {isa = PBXFileReference; includeInIndex = 1; lastKnownFileType = text.xcconfig; name = "Pods-iOSTest.debug.xcconfig"; path = "Pods/Target Support Files/Pods-iOSTest/Pods-iOSTest.debug.xcconfig"; sourceTree = "<group>"; };
		DBDE718A3CFE84DC7F530CB0 /* Pods_iOSTest.framework */ = {isa = PBXFileReference; explicitFileType = wrapper.framework; includeInIndex = 0; path = Pods_iOSTest.framework; sourceTree = BUILT_PRODUCTS_DIR; };
		EAF4C7A732598A3796E90379 /* Pods-iOSTest.release.xcconfig */ = {isa = PBXFileReference; includeInIndex = 1; lastKnownFileType = text.xcconfig; name = "Pods-iOSTest.release.xcconfig"; path = "Pods/Target Support Files/Pods-iOSTest/Pods-iOSTest.release.xcconfig"; sourceTree = "<group>"; };
		F41DC90E209CD12E003393CC /* NetworkUtility.h */ = {isa = PBXFileReference; fileEncoding = 4; lastKnownFileType = sourcecode.c.h; path = NetworkUtility.h; sourceTree = "<group>"; };
		F41DC90F209CD12E003393CC /* NetworkUtility.m */ = {isa = PBXFileReference; fileEncoding = 4; lastKnownFileType = sourcecode.c.objc; path = NetworkUtility.m; sourceTree = "<group>"; };
		F441A0E720977C6200DEB97D /* iOSTest.app */ = {isa = PBXFileReference; explicitFileType = wrapper.application; includeInIndex = 0; path = iOSTest.app; sourceTree = BUILT_PRODUCTS_DIR; };
		F441A0EB20977C6200DEB97D /* main.m */ = {isa = PBXFileReference; lastKnownFileType = sourcecode.c.objc; path = main.m; sourceTree = "<group>"; };
		F441A0ED20977C6200DEB97D /* AppDelegate.h */ = {isa = PBXFileReference; lastKnownFileType = sourcecode.c.h; path = AppDelegate.h; sourceTree = "<group>"; };
		F441A0EE20977C6200DEB97D /* AppDelegate.m */ = {isa = PBXFileReference; lastKnownFileType = sourcecode.c.objc; path = AppDelegate.m; sourceTree = "<group>"; };
		F441A0F020977C6200DEB97D /* ViewController.h */ = {isa = PBXFileReference; lastKnownFileType = sourcecode.c.h; path = ViewController.h; sourceTree = "<group>"; };
		F441A0F120977C6200DEB97D /* ViewController.m */ = {isa = PBXFileReference; lastKnownFileType = sourcecode.c.objc; path = ViewController.m; sourceTree = "<group>"; };
		F441A0F420977C6200DEB97D /* Base */ = {isa = PBXFileReference; lastKnownFileType = file.storyboard; name = Base; path = Base.lproj/Main.storyboard; sourceTree = "<group>"; };
		F441A0F620977C6200DEB97D /* Assets.xcassets */ = {isa = PBXFileReference; lastKnownFileType = folder.assetcatalog; path = Assets.xcassets; sourceTree = "<group>"; };
		F441A0F920977C6200DEB97D /* Base */ = {isa = PBXFileReference; lastKnownFileType = file.storyboard; name = Base; path = Base.lproj/LaunchScreen.storyboard; sourceTree = "<group>"; };
		F441A0FB20977C6200DEB97D /* Info.plist */ = {isa = PBXFileReference; lastKnownFileType = text.plist.xml; path = Info.plist; sourceTree = "<group>"; };
		F441A10120977F1B00DEB97D /* CustomTableViewCell.h */ = {isa = PBXFileReference; fileEncoding = 4; lastKnownFileType = sourcecode.c.h; path = CustomTableViewCell.h; sourceTree = "<group>"; };
		F441A10220977F1B00DEB97D /* CustomTableViewCell.m */ = {isa = PBXFileReference; fileEncoding = 4; lastKnownFileType = sourcecode.c.objc; path = CustomTableViewCell.m; sourceTree = "<group>"; };
		F441A10420977FAC00DEB97D /* Podfile */ = {isa = PBXFileReference; fileEncoding = 4; lastKnownFileType = text; path = Podfile; sourceTree = "<group>"; };
		F4787F8E20978B9D00F60FB4 /* Masonry.framework */ = {isa = PBXFileReference; lastKnownFileType = wrapper.framework; name = Masonry.framework; path = "Pods/../build/Release-iphoneos/Masonry/Masonry.framework"; sourceTree = "<group>"; };
		F4787F8F20978B9D00F60FB4 /* SDWebImage.framework */ = {isa = PBXFileReference; lastKnownFileType = wrapper.framework; name = SDWebImage.framework; path = "Pods/../build/Release-iphoneos/SDWebImage/SDWebImage.framework"; sourceTree = "<group>"; };
		F4787F92209796C100F60FB4 /* placeholder.png */ = {isa = PBXFileReference; lastKnownFileType = image.png; path = placeholder.png; sourceTree = "<group>"; };
		F4787F962097B32200F60FB4 /* CustomTableViewCell.xib */ = {isa = PBXFileReference; fileEncoding = 4; lastKnownFileType = file.xib; path = CustomTableViewCell.xib; sourceTree = "<group>"; };
/* End PBXFileReference section */

/* Begin PBXFrameworksBuildPhase section */
		F441A0E420977C6200DEB97D /* Frameworks */ = {
			isa = PBXFrameworksBuildPhase;
			buildActionMask = 2147483647;
			files = (
				F4787F9020978B9D00F60FB4 /* Masonry.framework in Frameworks */,
				F4787F9120978B9E00F60FB4 /* SDWebImage.framework in Frameworks */,
				FC7312225E03C58A5888CE50 /* Pods_iOSTest.framework in Frameworks */,
			);
			runOnlyForDeploymentPostprocessing = 0;
		};
/* End PBXFrameworksBuildPhase section */

/* Begin PBXGroup section */
		BA0F3205225EB763C3A071EF /* Frameworks */ = {
			isa = PBXGroup;
			children = (
				F4787F8E20978B9D00F60FB4 /* Masonry.framework */,
				F4787F8F20978B9D00F60FB4 /* SDWebImage.framework */,
				DBDE718A3CFE84DC7F530CB0 /* Pods_iOSTest.framework */,
			);
			name = Frameworks;
			sourceTree = "<group>";
		};
		F41DC90D209CD058003393CC /* Utilities */ = {
			isa = PBXGroup;
			children = (
				F41DC90E209CD12E003393CC /* NetworkUtility.h */,
				F41DC90F209CD12E003393CC /* NetworkUtility.m */,
			);
			name = Utilities;
			sourceTree = "<group>";
		};
		F441A0DE20977C6200DEB97D = {
			isa = PBXGroup;
			children = (
				F441A10420977FAC00DEB97D /* Podfile */,
				F441A0E920977C6200DEB97D /* iOSTest */,
				F441A0E820977C6200DEB97D /* Products */,
				F532FBF33B3301D1FCB1AE24 /* Pods */,
				BA0F3205225EB763C3A071EF /* Frameworks */,
			);
			sourceTree = "<group>";
		};
		F441A0E820977C6200DEB97D /* Products */ = {
			isa = PBXGroup;
			children = (
				F441A0E720977C6200DEB97D /* iOSTest.app */,
			);
			name = Products;
			sourceTree = "<group>";
		};
		F441A0E920977C6200DEB97D /* iOSTest */ = {
			isa = PBXGroup;
			children = (
				F41DC90D209CD058003393CC /* Utilities */,
				F4787F92209796C100F60FB4 /* placeholder.png */,
				F441A0ED20977C6200DEB97D /* AppDelegate.h */,
				F441A0EE20977C6200DEB97D /* AppDelegate.m */,
				F441A0F020977C6200DEB97D /* ViewController.h */,
				F441A0F120977C6200DEB97D /* ViewController.m */,
				F441A10120977F1B00DEB97D /* CustomTableViewCell.h */,
				F441A10220977F1B00DEB97D /* CustomTableViewCell.m */,
				F4787F962097B32200F60FB4 /* CustomTableViewCell.xib */,
				F441A0F320977C6200DEB97D /* Main.storyboard */,
				F441A0F620977C6200DEB97D /* Assets.xcassets */,
				F441A0F820977C6200DEB97D /* LaunchScreen.storyboard */,
				F441A0FB20977C6200DEB97D /* Info.plist */,
				F441A0EA20977C6200DEB97D /* Supporting Files */,
			);
			path = iOSTest;
			sourceTree = "<group>";
		};
		F441A0EA20977C6200DEB97D /* Supporting Files */ = {
			isa = PBXGroup;
			children = (
				F441A0EB20977C6200DEB97D /* main.m */,
			);
			name = "Supporting Files";
			sourceTree = "<group>";
		};
		F532FBF33B3301D1FCB1AE24 /* Pods */ = {
			isa = PBXGroup;
			children = (
				D9196F20850EB248BB6EA87C /* Pods-iOSTest.debug.xcconfig */,
				EAF4C7A732598A3796E90379 /* Pods-iOSTest.release.xcconfig */,
			);
			name = Pods;
			sourceTree = "<group>";
		};
/* End PBXGroup section */

/* Begin PBXNativeTarget section */
		F441A0E620977C6200DEB97D /* iOSTest */ = {
			isa = PBXNativeTarget;
			buildConfigurationList = F441A0FE20977C6200DEB97D /* Build configuration list for PBXNativeTarget "iOSTest" */;
			buildPhases = (
				794FF313D3DD68E535E865D9 /* [CP] Check Pods Manifest.lock */,
				F441A0E320977C6200DEB97D /* Sources */,
				F441A0E420977C6200DEB97D /* Frameworks */,
				F441A0E520977C6200DEB97D /* Resources */,
				6A23F05A32501C7D77F3CF6E /* [CP] Embed Pods Frameworks */,
				0CB024E64BBBC71CC7630682 /* [CP] Copy Pods Resources */,
			);
			buildRules = (
			);
			dependencies = (
			);
			name = iOSTest;
			productName = iOSTest;
			productReference = F441A0E720977C6200DEB97D /* iOSTest.app */;
			productType = "com.apple.product-type.application";
		};
/* End PBXNativeTarget section */

/* Begin PBXProject section */
		F441A0DF20977C6200DEB97D /* Project object */ = {
			isa = PBXProject;
			attributes = {
				LastUpgradeCheck = 0830;
				TargetAttributes = {
					F441A0E620977C6200DEB97D = {
						CreatedOnToolsVersion = 8.3.2;
						ProvisioningStyle = Automatic;
					};
				};
			};
			buildConfigurationList = F441A0E220977C6200DEB97D /* Build configuration list for PBXProject "iOSTest" */;
			compatibilityVersion = "Xcode 3.2";
			developmentRegion = English;
			hasScannedForEncodings = 0;
			knownRegions = (
				en,
				Base,
			);
			mainGroup = F441A0DE20977C6200DEB97D;
			productRefGroup = F441A0E820977C6200DEB97D /* Products */;
			projectDirPath = "";
			projectRoot = "";
			targets = (
				F441A0E620977C6200DEB97D /* iOSTest */,
			);
		};
/* End PBXProject section */

/* Begin PBXResourcesBuildPhase section */
		F441A0E520977C6200DEB97D /* Resources */ = {
			isa = PBXResourcesBuildPhase;
			buildActionMask = 2147483647;
			files = (
				F441A0FA20977C6200DEB97D /* LaunchScreen.storyboard in Resources */,
				F441A0F720977C6200DEB97D /* Assets.xcassets in Resources */,
				F4787F972097B32200F60FB4 /* CustomTableViewCell.xib in Resources */,
				F441A10520977FAC00DEB97D /* Podfile in Resources */,
				F4787F93209796C100F60FB4 /* placeholder.png in Resources */,
				F441A0F520977C6200DEB97D /* Main.storyboard in Resources */,
			);
			runOnlyForDeploymentPostprocessing = 0;
		};
/* End PBXResourcesBuildPhase section */

/* Begin PBXShellScriptBuildPhase section */
		0CB024E64BBBC71CC7630682 /* [CP] Copy Pods Resources */ = {
			isa = PBXShellScriptBuildPhase;
			buildActionMask = 2147483647;
			files = (
			);
			inputPaths = (
			);
			name = "[CP] Copy Pods Resources";
			outputPaths = (
			);
			runOnlyForDeploymentPostprocessing = 0;
			shellPath = /bin/sh;
			shellScript = "\"${SRCROOT}/Pods/Target Support Files/Pods-iOSTest/Pods-iOSTest-resources.sh\"\n";
			showEnvVarsInLog = 0;
		};
		6A23F05A32501C7D77F3CF6E /* [CP] Embed Pods Frameworks */ = {
			isa = PBXShellScriptBuildPhase;
			buildActionMask = 2147483647;
			files = (
			);
			inputPaths = (
			);
			name = "[CP] Embed Pods Frameworks";
			outputPaths = (
			);
			runOnlyForDeploymentPostprocessing = 0;
			shellPath = /bin/sh;
			shellScript = "\"${SRCROOT}/Pods/Target Support Files/Pods-iOSTest/Pods-iOSTest-frameworks.sh\"\n";
			showEnvVarsInLog = 0;
		};
		794FF313D3DD68E535E865D9 /* [CP] Check Pods Manifest.lock */ = {
			isa = PBXShellScriptBuildPhase;
			buildActionMask = 2147483647;
			files = (
			);
			inputPaths = (
			);
			name = "[CP] Check Pods Manifest.lock";
			outputPaths = (
			);
			runOnlyForDeploymentPostprocessing = 0;
			shellPath = /bin/sh;
			shellScript = "diff \"${PODS_PODFILE_DIR_PATH}/Podfile.lock\" \"${PODS_ROOT}/Manifest.lock\" > /dev/null\nif [ $? != 0 ] ; then\n    # print error to STDERR\n    echo \"error: The sandbox is not in sync with the Podfile.lock. Run 'pod install' or update your CocoaPods installation.\" >&2\n    exit 1\nfi\n";
			showEnvVarsInLog = 0;
		};
/* End PBXShellScriptBuildPhase section */

/* Begin PBXSourcesBuildPhase section */
		F441A0E320977C6200DEB97D /* Sources */ = {
			isa = PBXSourcesBuildPhase;
			buildActionMask = 2147483647;
			files = (
				F441A0F220977C6200DEB97D /* ViewController.m in Sources */,
				F441A0EF20977C6200DEB97D /* AppDelegate.m in Sources */,
				F41DC910209CD12E003393CC /* NetworkUtility.m in Sources */,
				F441A10320977F1B00DEB97D /* CustomTableViewCell.m in Sources */,
				F441A0EC20977C6200DEB97D /* main.m in Sources */,
			);
			runOnlyForDeploymentPostprocessing = 0;
		};
/* End PBXSourcesBuildPhase section */

/* Begin PBXVariantGroup section */
		F441A0F320977C6200DEB97D /* Main.storyboard */ = {
			isa = PBXVariantGroup;
			children = (
				F441A0F420977C6200DEB97D /* Base */,
			);
			name = Main.storyboard;
			sourceTree = "<group>";
		};
		F441A0F820977C6200DEB97D /* LaunchScreen.storyboard */ = {
			isa = PBXVariantGroup;
			children = (
				F441A0F920977C6200DEB97D /* Base */,
			);
			name = LaunchScreen.storyboard;
			sourceTree = "<group>";
		};
/* End PBXVariantGroup section */

/* Begin XCBuildConfiguration section */
		F441A0FC20977C6200DEB97D /* Debug */ = {
			isa = XCBuildConfiguration;
			buildSettings = {
				ALWAYS_SEARCH_USER_PATHS = NO;
				CLANG_ANALYZER_NONNULL = YES;
				CLANG_ANALYZER_NUMBER_OBJECT_CONVERSION = YES_AGGRESSIVE;
				CLANG_CXX_LANGUAGE_STANDARD = "gnu++0x";
				CLANG_CXX_LIBRARY = "libc++";
				CLANG_ENABLE_MODULES = YES;
				CLANG_ENABLE_OBJC_ARC = YES;
				CLANG_WARN_BOOL_CONVERSION = YES;
				CLANG_WARN_CONSTANT_CONVERSION = YES;
				CLANG_WARN_DIRECT_OBJC_ISA_USAGE = YES_ERROR;
				CLANG_WARN_DOCUMENTATION_COMMENTS = YES;
				CLANG_WARN_EMPTY_BODY = YES;
				CLANG_WARN_ENUM_CONVERSION = YES;
				CLANG_WARN_INFINITE_RECURSION = YES;
				CLANG_WARN_INT_CONVERSION = YES;
				CLANG_WARN_OBJC_ROOT_CLASS = YES_ERROR;
				CLANG_WARN_SUSPICIOUS_MOVE = YES;
				CLANG_WARN_UNREACHABLE_CODE = YES;
				CLANG_WARN__DUPLICATE_METHOD_MATCH = YES;
				"CODE_SIGN_IDENTITY[sdk=iphoneos*]" = "iPhone Developer";
				COPY_PHASE_STRIP = NO;
				DEBUG_INFORMATION_FORMAT = dwarf;
				ENABLE_STRICT_OBJC_MSGSEND = YES;
				ENABLE_TESTABILITY = YES;
				GCC_C_LANGUAGE_STANDARD = gnu99;
				GCC_DYNAMIC_NO_PIC = NO;
				GCC_NO_COMMON_BLOCKS = YES;
				GCC_OPTIMIZATION_LEVEL = 0;
				GCC_PREPROCESSOR_DEFINITIONS = (
					"DEBUG=1",
					"$(inherited)",
				);
				GCC_WARN_64_TO_32_BIT_CONVERSION = YES;
				GCC_WARN_ABOUT_RETURN_TYPE = YES_ERROR;
				GCC_WARN_UNDECLARED_SELECTOR = YES;
				GCC_WARN_UNINITIALIZED_AUTOS = YES_AGGRESSIVE;
				GCC_WARN_UNUSED_FUNCTION = YES;
				GCC_WARN_UNUSED_VARIABLE = YES;
				IPHONEOS_DEPLOYMENT_TARGET = 8.0;
				MTL_ENABLE_DEBUG_INFO = YES;
				ONLY_ACTIVE_ARCH = YES;
				SDKROOT = iphoneos;
			};
			name = Debug;
		};
		F441A0FD20977C6200DEB97D /* Release */ = {
			isa = XCBuildConfiguration;
			buildSettings = {
				ALWAYS_SEARCH_USER_PATHS = NO;
				CLANG_ANALYZER_NONNULL = YES;
				CLANG_ANALYZER_NUMBER_OBJECT_CONVERSION = YES_AGGRESSIVE;
				CLANG_CXX_LANGUAGE_STANDARD = "gnu++0x";
				CLANG_CXX_LIBRARY = "libc++";
				CLANG_ENABLE_MODULES = YES;
				CLANG_ENABLE_OBJC_ARC = YES;
				CLANG_WARN_BOOL_CONVERSION = YES;
				CLANG_WARN_CONSTANT_CONVERSION = YES;
				CLANG_WARN_DIRECT_OBJC_ISA_USAGE = YES_ERROR;
				CLANG_WARN_DOCUMENTATION_COMMENTS = YES;
				CLANG_WARN_EMPTY_BODY = YES;
				CLANG_WARN_ENUM_CONVERSION = YES;
				CLANG_WARN_INFINITE_RECURSION = YES;
				CLANG_WARN_INT_CONVERSION = YES;
				CLANG_WARN_OBJC_ROOT_CLASS = YES_ERROR;
				CLANG_WARN_SUSPICIOUS_MOVE = YES;
				CLANG_WARN_UNREACHABLE_CODE = YES;
				CLANG_WARN__DUPLICATE_METHOD_MATCH = YES;
				"CODE_SIGN_IDENTITY[sdk=iphoneos*]" = "iPhone Developer";
				COPY_PHASE_STRIP = NO;
				DEBUG_INFORMATION_FORMAT = "dwarf-with-dsym";
				ENABLE_NS_ASSERTIONS = NO;
				ENABLE_STRICT_OBJC_MSGSEND = YES;
				GCC_C_LANGUAGE_STANDARD = gnu99;
				GCC_NO_COMMON_BLOCKS = YES;
				GCC_WARN_64_TO_32_BIT_CONVERSION = YES;
				GCC_WARN_ABOUT_RETURN_TYPE = YES_ERROR;
				GCC_WARN_UNDECLARED_SELECTOR = YES;
				GCC_WARN_UNINITIALIZED_AUTOS = YES_AGGRESSIVE;
				GCC_WARN_UNUSED_FUNCTION = YES;
				GCC_WARN_UNUSED_VARIABLE = YES;
				IPHONEOS_DEPLOYMENT_TARGET = 8.0;
				MTL_ENABLE_DEBUG_INFO = NO;
				SDKROOT = iphoneos;
				VALIDATE_PRODUCT = YES;
			};
			name = Release;
		};
		F441A0FF20977C6200DEB97D /* Debug */ = {
			isa = XCBuildConfiguration;
			baseConfigurationReference = D9196F20850EB248BB6EA87C /* Pods-iOSTest.debug.xcconfig */;
			buildSettings = {
				ASSETCATALOG_COMPILER_APPICON_NAME = AppIcon;
				FRAMEWORK_SEARCH_PATHS = (
					"$(inherited)",
					"$(PROJECT_DIR)/build/Release-iphoneos/Masonry",
					"$(PROJECT_DIR)/build/Release-iphoneos/SDWebImage",
				);
				INFOPLIST_FILE = iOSTest/Info.plist;
				IPHONEOS_DEPLOYMENT_TARGET = 8.0;
				LD_RUNPATH_SEARCH_PATHS = "$(inherited) @executable_path/Frameworks";
				PRODUCT_BUNDLE_IDENTIFIER = com.iOSTest;
				PRODUCT_NAME = "$(TARGET_NAME)";
				TARGETED_DEVICE_FAMILY = "1,2";
			};
			name = Debug;
		};
		F441A10020977C6200DEB97D /* Release */ = {
			isa = XCBuildConfiguration;
			baseConfigurationReference = EAF4C7A732598A3796E90379 /* Pods-iOSTest.release.xcconfig */;
			buildSettings = {
				ASSETCATALOG_COMPILER_APPICON_NAME = AppIcon;
				FRAMEWORK_SEARCH_PATHS = (
					"$(inherited)",
					"$(PROJECT_DIR)/build/Release-iphoneos/Masonry",
					"$(PROJECT_DIR)/build/Release-iphoneos/SDWebImage",
				);
				INFOPLIST_FILE = iOSTest/Info.plist;
				IPHONEOS_DEPLOYMENT_TARGET = 8.0;
				LD_RUNPATH_SEARCH_PATHS = "$(inherited) @executable_path/Frameworks";
				PRODUCT_BUNDLE_IDENTIFIER = com.iOSTest;
				PRODUCT_NAME = "$(TARGET_NAME)";
				TARGETED_DEVICE_FAMILY = "1,2";
			};
			name = Release;
		};
/* End XCBuildConfiguration section */

/* Begin XCConfigurationList section */
		F441A0E220977C6200DEB97D /* Build configuration list for PBXProject "iOSTest" */ = {
			isa = XCConfigurationList;
			buildConfigurations = (
				F441A0FC20977C6200DEB97D /* Debug */,
				F441A0FD20977C6200DEB97D /* Release */,
			);
			defaultConfigurationIsVisible = 0;
			defaultConfigurationName = Release;
		};
		F441A0FE20977C6200DEB97D /* Build configuration list for PBXNativeTarget "iOSTest" */ = {
			isa = XCConfigurationList;
			buildConfigurations = (
				F441A0FF20977C6200DEB97D /* Debug */,
				F441A10020977C6200DEB97D /* Release */,
			);
			defaultConfigurationIsVisible = 0;
			defaultConfigurationName = Release;
		};
/* End XCConfigurationList section */
	};
	rootObject = F441A0DF20977C6200DEB97D /* Project object */;
}
